DEPENDENCIES
  nexus_repository_manager
    path: .
    metadata: true

GRAPH
  apt (6.1.4)
  homebrew (4.2.0)
  java (1.50.0)
    apt (>= 0.0.0)
    homebrew (>= 0.0.0)
    windows (>= 0.0.0)
  limits (1.0.0)
  nexus_repository_manager (0.1.0)
    java (~> 1.50)
    limits (~> 1.0.0)
    poise-python (~> 1.6.0)
    s3_file (~> 2.8.5)
    tar (~> 2.1)
  ohai (5.2.0)
  poise (2.8.1)
  poise-archive (1.5.0)
    poise (~> 2.6)
  poise-languages (2.1.1)
    poise (~> 2.5)
    poise-archive (~> 1.0)
  poise-python (1.6.0)
    poise (~> 2.7)
    poise-languages (~> 2.0)
  s3_file (2.8.5)
  tar (2.1.1)
  windows (3.4.0)
    ohai (>= 4.0.0)
